
Microsoft Visual Studio Solution File, Format Version 12.00
# Visual Studio Version 16
VisualStudioVersion = 16.0.32228.343
MinimumVisualStudioVersion = 10.0.40219.1
Project("{9A19103F-16F7-4668-BE54-9A1E7A4F7556}") = "Q15R74_HFT_2021222.Client", "Q15R74_HFT_2021222.Client\Q15R74_HFT_2021222.Client.csproj", "{C3127AE4-1968-4F94-B6BB-431C443C856A}"
EndProject
Project("{9A19103F-16F7-4668-BE54-9A1E7A4F7556}") = "Q15R74_HFT_2021222.Models", "Q15R74_HFT_2021222.Models\Q15R74_HFT_2021222.Models.csproj", "{EEDAFA21-F556-4415-89FC-98E107408E2D}"
EndProject
Project("{9A19103F-16F7-4668-BE54-9A1E7A4F7556}") = "Q15R74_HFT_2021222.Logic", "Q15R74_HFT_2021222.Logic\Q15R74_HFT_2021222.Logic.csproj", "{CE776E18-8B1D-4E02-B0A1-4F7BBA3E1346}"
EndProject
Project("{9A19103F-16F7-4668-BE54-9A1E7A4F7556}") = "Q15R74_HFT_2021222.Repository", "Q15R74_HFT_2021222.Repository\Q15R74_HFT_2021222.Repository.csproj", "{2248D560-C921-4E03-9315-ECBAAA1B2F4D}"
EndProject
Project("{9A19103F-16F7-4668-BE54-9A1E7A4F7556}") = "Q15R74_HFT_2021222.Test", "Q15R74_HFT_2021222.Test\Q15R74_HFT_2021222.Test.csproj", "{7E008CC4-EBA9-48C1-A1DA-3EEDAD47C3B0}"
EndProject
Project("{2150E333-8FDC-42A3-9474-1A3956D46DE8}") = "Backend", "Backend", "{6C980729-FFC7-4F7B-865D-B85C28A4246E}"
EndProject
Project("{2150E333-8FDC-42A3-9474-1A3956D46DE8}") = "Frontend", "Frontend", "{DD2A7660-BB9D-468E-A694-218CD66BDC67}"
EndProject
Project("{2150E333-8FDC-42A3-9474-1A3956D46DE8}") = "Shared", "Shared", "{BFC007D7-6289-426E-A713-686247D926BB}"
EndProject
Project("{2150E333-8FDC-42A3-9474-1A3956D46DE8}") = "Others", "Others", "{929B6DEF-1783-4FFA-B3A4-DB31B35CD17C}"
	ProjectSection(SolutionItems) = preProject
		.gitignore = .gitignore
	EndProjectSection
EndProject
Project("{9A19103F-16F7-4668-BE54-9A1E7A4F7556}") = "Q15R74_HFT_2021222.Endpoint", "Q15R74_HFT_2021222.Endpoint\Q15R74_HFT_2021222.Endpoint.csproj", "{E5D2CDFF-00F5-48AF-9E9E-D3E8996AA959}"
EndProject
Project("{9A19103F-16F7-4668-BE54-9A1E7A4F7556}") = "FootballDb.WpfClient", "FootballDb.WpfClient\FootballDb.WpfClient.csproj", "{147AEDF9-665D-4678-AE8E-61A6702E539E}"
EndProject
Global
	GlobalSection(SolutionConfigurationPlatforms) = preSolution
		Debug|Any CPU = Debug|Any CPU
		Release|Any CPU = Release|Any CPU
	EndGlobalSection
	GlobalSection(ProjectConfigurationPlatforms) = postSolution
		{C3127AE4-1968-4F94-B6BB-431C443C856A}.Debug|Any CPU.ActiveCfg = Debug|Any CPU
		{C3127AE4-1968-4F94-B6BB-431C443C856A}.Debug|Any CPU.Build.0 = Debug|Any CPU
		{C3127AE4-1968-4F94-B6BB-431C443C856A}.Release|Any CPU.ActiveCfg = Release|Any CPU
		{C3127AE4-1968-4F94-B6BB-431C443C856A}.Release|Any CPU.Build.0 = Release|Any CPU
		{EEDAFA21-F556-4415-89FC-98E107408E2D}.Debug|Any CPU.ActiveCfg = Debug|Any CPU
		{EEDAFA21-F556-4415-89FC-98E107408E2D}.Debug|Any CPU.Build.0 = Debug|Any CPU
		{EEDAFA21-F556-4415-89FC-98E107408E2D}.Release|Any CPU.ActiveCfg = Release|Any CPU
		{EEDAFA21-F556-4415-89FC-98E107408E2D}.Release|Any CPU.Build.0 = Release|Any CPU
		{CE776E18-8B1D-4E02-B0A1-4F7BBA3E1346}.Debug|Any CPU.ActiveCfg = Debug|Any CPU
		{CE776E18-8B1D-4E02-B0A1-4F7BBA3E1346}.Debug|Any CPU.Build.0 = Debug|Any CPU
		{CE776E18-8B1D-4E02-B0A1-4F7BBA3E1346}.Release|Any CPU.ActiveCfg = Release|Any CPU
		{CE776E18-8B1D-4E02-B0A1-4F7BBA3E1346}.Release|Any CPU.Build.0 = Release|Any CPU
		{2248D560-C921-4E03-9315-ECBAAA1B2F4D}.Debug|Any CPU.ActiveCfg = Debug|Any CPU
		{2248D560-C921-4E03-9315-ECBAAA1B2F4D}.Debug|Any CPU.Build.0 = Debug|Any CPU
		{2248D560-C921-4E03-9315-ECBAAA1B2F4D}.Release|Any CPU.ActiveCfg = Release|Any CPU
		{2248D560-C921-4E03-9315-ECBAAA1B2F4D}.Release|Any CPU.Build.0 = Release|Any CPU
		{7E008CC4-EBA9-48C1-A1DA-3EEDAD47C3B0}.Debug|Any CPU.ActiveCfg = Debug|Any CPU
		{7E008CC4-EBA9-48C1-A1DA-3EEDAD47C3B0}.Debug|Any CPU.Build.0 = Debug|Any CPU
		{7E008CC4-EBA9-48C1-A1DA-3EEDAD47C3B0}.Release|Any CPU.ActiveCfg = Release|Any CPU
		{7E008CC4-EBA9-48C1-A1DA-3EEDAD47C3B0}.Release|Any CPU.Build.0 = Release|Any CPU
		{E5D2CDFF-00F5-48AF-9E9E-D3E8996AA959}.Debug|Any CPU.ActiveCfg = Debug|Any CPU
		{E5D2CDFF-00F5-48AF-9E9E-D3E8996AA959}.Debug|Any CPU.Build.0 = Debug|Any CPU
		{E5D2CDFF-00F5-48AF-9E9E-D3E8996AA959}.Release|Any CPU.ActiveCfg = Release|Any CPU
		{E5D2CDFF-00F5-48AF-9E9E-D3E8996AA959}.Release|Any CPU.Build.0 = Release|Any CPU
		{147AEDF9-665D-4678-AE8E-61A6702E539E}.Debug|Any CPU.ActiveCfg = Debug|Any CPU
		{147AEDF9-665D-4678-AE8E-61A6702E539E}.Debug|Any CPU.Build.0 = Debug|Any CPU
		{147AEDF9-665D-4678-AE8E-61A6702E539E}.Release|Any CPU.ActiveCfg = Release|Any CPU
		{147AEDF9-665D-4678-AE8E-61A6702E539E}.Release|Any CPU.Build.0 = Release|Any CPU
	EndGlobalSection
	GlobalSection(SolutionProperties) = preSolution
		HideSolutionNode = FALSE
	EndGlobalSection
	GlobalSection(NestedProjects) = preSolution
		{C3127AE4-1968-4F94-B6BB-431C443C856A} = {DD2A7660-BB9D-468E-A694-218CD66BDC67}
		{EEDAFA21-F556-4415-89FC-98E107408E2D} = {BFC007D7-6289-426E-A713-686247D926BB}
		{CE776E18-8B1D-4E02-B0A1-4F7BBA3E1346} = {6C980729-FFC7-4F7B-865D-B85C28A4246E}
		{2248D560-C921-4E03-9315-ECBAAA1B2F4D} = {6C980729-FFC7-4F7B-865D-B85C28A4246E}
		{7E008CC4-EBA9-48C1-A1DA-3EEDAD47C3B0} = {6C980729-FFC7-4F7B-865D-B85C28A4246E}
		{E5D2CDFF-00F5-48AF-9E9E-D3E8996AA959} = {6C980729-FFC7-4F7B-865D-B85C28A4246E}
	EndGlobalSection
	GlobalSection(ExtensibilityGlobals) = postSolution
		SolutionGuid = {B6AF824A-C74F-4843-9809-86C8397497A5}
	EndGlobalSection
EndGlobal
